
Microsoft Visual Studio Solution File, Format Version 12.00
# Visual Studio Version 16
VisualStudioVersion = 16.0.29306.81
MinimumVisualStudioVersion = 10.0.40219.1
Project("{FAE04EC0-301F-11D3-BF4B-00C04F79EFBC}") = "Cats and a Mouse", "Cats and a Mouse\Cats and a Mouse.csproj", "{0B2237E4-1C66-4220-9467-35DD1880520C}"
EndProject
Global
	GlobalSection(SolutionConfigurationPlatforms) = preSolution
		Debug|Any CPU = Debug|Any CPU
		Release|Any CPU = Release|Any CPU
	EndGlobalSection
	GlobalSection(ProjectConfigurationPlatforms) = postSolution
		{0B2237E4-1C66-4220-9467-35DD1880520C}.Debug|Any CPU.ActiveCfg = Debug|Any CPU
		{0B2237E4-1C66-4220-9467-35DD1880520C}.Debug|Any CPU.Build.0 = Debug|Any CPU
		{0B2237E4-1C66-4220-9467-35DD1880520C}.Release|Any CPU.ActiveCfg = Release|Any CPU
		{0B2237E4-1C66-4220-9467-35DD1880520C}.Release|Any CPU.Build.0 = Release|Any CPU
	EndGlobalSection
	GlobalSection(SolutionProperties) = preSolution
		HideSolutionNode = FALSE
	EndGlobalSection
	GlobalSection(ExtensibilityGlobals) = postSolution
		SolutionGuid = {67ED6F84-2465-4645-A11A-75A71B326599}
	EndGlobalSection
EndGlobal
