
Microsoft Visual Studio Solution File, Format Version 12.00
# Visual Studio Version 16
VisualStudioVersion = 16.0.29306.81
MinimumVisualStudioVersion = 10.0.40219.1
Project("{FAE04EC0-301F-11D3-BF4B-00C04F79EFBC}") = "Counting Valleys", "Counting Valleys\Counting Valleys.csproj", "{5F858BC9-106E-442F-8DA6-762B554B036C}"
EndProject
Global
	GlobalSection(SolutionConfigurationPlatforms) = preSolution
		Debug|Any CPU = Debug|Any CPU
		Release|Any CPU = Release|Any CPU
	EndGlobalSection
	GlobalSection(ProjectConfigurationPlatforms) = postSolution
		{5F858BC9-106E-442F-8DA6-762B554B036C}.Debug|Any CPU.ActiveCfg = Debug|Any CPU
		{5F858BC9-106E-442F-8DA6-762B554B036C}.Debug|Any CPU.Build.0 = Debug|Any CPU
		{5F858BC9-106E-442F-8DA6-762B554B036C}.Release|Any CPU.ActiveCfg = Release|Any CPU
		{5F858BC9-106E-442F-8DA6-762B554B036C}.Release|Any CPU.Build.0 = Release|Any CPU
	EndGlobalSection
	GlobalSection(SolutionProperties) = preSolution
		HideSolutionNode = FALSE
	EndGlobalSection
	GlobalSection(ExtensibilityGlobals) = postSolution
		SolutionGuid = {16819114-0130-45C0-8D0C-8B2EF8C1C91A}
	EndGlobalSection
EndGlobal
